
Microsoft Visual Studio Solution File, Format Version 12.00
# Visual Studio Version 16
VisualStudioVersion = 16.0.30717.126
MinimumVisualStudioVersion = 10.0.40219.1
Project("{FAE04EC0-301F-11D3-BF4B-00C04F79EFBC}") = "ClockDotMatrix.UWP", "ClockDotMatrix.UWP\ClockDotMatrix.UWP.csproj", "{7FC7362B-7FAA-4BA9-BD17-462FAAAEF89A}"
EndProject
Project("{FAE04EC0-301F-11D3-BF4B-00C04F79EFBC}") = "ClockDotMatrix.Android", "ClockDotMatrix.Android\ClockDotMatrix.Android.csproj", "{AA4B4B4B-DE8C-46CD-BC4E-E4FFBC114AEE}"
EndProject
Project("{FAE04EC0-301F-11D3-BF4B-00C04F79EFBC}") = "ClockDotMatrix.iOS", "ClockDotMatrix.iOS\ClockDotMatrix.iOS.csproj", "{2075EDFC-E35D-4F25-9F30-9DFDB63D2F5C}"
EndProject
Project("{FAE04EC0-301F-11D3-BF4B-00C04F79EFBC}") = "ClockDotMatrix", "ClockDotMatrix\ClockDotMatrix.csproj", "{D9076E8B-8E10-423A-BB25-46DA84B0C130}"
EndProject
Global
	GlobalSection(SolutionConfigurationPlatforms) = preSolution
		Debug|Any CPU = Debug|Any CPU
		Debug|ARM = Debug|ARM
		Debug|iPhone = Debug|iPhone
		Debug|iPhoneSimulator = Debug|iPhoneSimulator
		Debug|x64 = Debug|x64
		Debug|x86 = Debug|x86
		Release|Any CPU = Release|Any CPU
		Release|ARM = Release|ARM
		Release|iPhone = Release|iPhone
		Release|iPhoneSimulator = Release|iPhoneSimulator
		Release|x64 = Release|x64
		Release|x86 = Release|x86
	EndGlobalSection
	GlobalSection(ProjectConfigurationPlatforms) = postSolution
		{7FC7362B-7FAA-4BA9-BD17-462FAAAEF89A}.Debug|Any CPU.ActiveCfg = Debug|x86
		{7FC7362B-7FAA-4BA9-BD17-462FAAAEF89A}.Debug|Any CPU.Build.0 = Debug|x86
		{7FC7362B-7FAA-4BA9-BD17-462FAAAEF89A}.Debug|Any CPU.Deploy.0 = Debug|x86
		{7FC7362B-7FAA-4BA9-BD17-462FAAAEF89A}.Debug|ARM.ActiveCfg = Debug|ARM
		{7FC7362B-7FAA-4BA9-BD17-462FAAAEF89A}.Debug|ARM.Build.0 = Debug|ARM
		{7FC7362B-7FAA-4BA9-BD17-462FAAAEF89A}.Debug|ARM.Deploy.0 = Debug|ARM
		{7FC7362B-7FAA-4BA9-BD17-462FAAAEF89A}.Debug|iPhone.ActiveCfg = Debug|x86
		{7FC7362B-7FAA-4BA9-BD17-462FAAAEF89A}.Debug|iPhone.Build.0 = Debug|x86
		{7FC7362B-7FAA-4BA9-BD17-462FAAAEF89A}.Debug|iPhone.Deploy.0 = Debug|x86
		{7FC7362B-7FAA-4BA9-BD17-462FAAAEF89A}.Debug|iPhoneSimulator.ActiveCfg = Debug|x86
		{7FC7362B-7FAA-4BA9-BD17-462FAAAEF89A}.Debug|iPhoneSimulator.Build.0 = Debug|x86
		{7FC7362B-7FAA-4BA9-BD17-462FAAAEF89A}.Debug|iPhoneSimulator.Deploy.0 = Debug|x86
		{7FC7362B-7FAA-4BA9-BD17-462FAAAEF89A}.Debug|x64.ActiveCfg = Debug|x64
		{7FC7362B-7FAA-4BA9-BD17-462FAAAEF89A}.Debug|x64.Build.0 = Debug|x64
		{7FC7362B-7FAA-4BA9-BD17-462FAAAEF89A}.Debug|x64.Deploy.0 = Debug|x64
		{7FC7362B-7FAA-4BA9-BD17-462FAAAEF89A}.Debug|x86.ActiveCfg = Debug|x86
		{7FC7362B-7FAA-4BA9-BD17-462FAAAEF89A}.Debug|x86.Build.0 = Debug|x86
		{7FC7362B-7FAA-4BA9-BD17-462FAAAEF89A}.Debug|x86.Deploy.0 = Debug|x86
		{7FC7362B-7FAA-4BA9-BD17-462FAAAEF89A}.Release|Any CPU.ActiveCfg = Release|x86
		{7FC7362B-7FAA-4BA9-BD17-462FAAAEF89A}.Release|Any CPU.Build.0 = Release|x86
		{7FC7362B-7FAA-4BA9-BD17-462FAAAEF89A}.Release|Any CPU.Deploy.0 = Release|x86
		{7FC7362B-7FAA-4BA9-BD17-462FAAAEF89A}.Release|ARM.ActiveCfg = Release|ARM
		{7FC7362B-7FAA-4BA9-BD17-462FAAAEF89A}.Release|ARM.Build.0 = Release|ARM
		{7FC7362B-7FAA-4BA9-BD17-462FAAAEF89A}.Release|ARM.Deploy.0 = Release|ARM
		{7FC7362B-7FAA-4BA9-BD17-462FAAAEF89A}.Release|iPhone.ActiveCfg = Release|x86
		{7FC7362B-7FAA-4BA9-BD17-462FAAAEF89A}.Release|iPhone.Build.0 = Release|x86
		{7FC7362B-7FAA-4BA9-BD17-462FAAAEF89A}.Release|iPhone.Deploy.0 = Release|x86
		{7FC7362B-7FAA-4BA9-BD17-462FAAAEF89A}.Release|iPhoneSimulator.ActiveCfg = Release|x86
		{7FC7362B-7FAA-4BA9-BD17-462FAAAEF89A}.Release|iPhoneSimulator.Build.0 = Release|x86
		{7FC7362B-7FAA-4BA9-BD17-462FAAAEF89A}.Release|iPhoneSimulator.Deploy.0 = Release|x86
		{7FC7362B-7FAA-4BA9-BD17-462FAAAEF89A}.Release|x64.ActiveCfg = Release|x64
		{7FC7362B-7FAA-4BA9-BD17-462FAAAEF89A}.Release|x64.Build.0 = Release|x64
		{7FC7362B-7FAA-4BA9-BD17-462FAAAEF89A}.Release|x64.Deploy.0 = Release|x64
		{7FC7362B-7FAA-4BA9-BD17-462FAAAEF89A}.Release|x86.ActiveCfg = Release|x86
		{7FC7362B-7FAA-4BA9-BD17-462FAAAEF89A}.Release|x86.Build.0 = Release|x86
		{7FC7362B-7FAA-4BA9-BD17-462FAAAEF89A}.Release|x86.Deploy.0 = Release|x86
		{AA4B4B4B-DE8C-46CD-BC4E-E4FFBC114AEE}.Debug|Any CPU.ActiveCfg = Debug|Any CPU
		{AA4B4B4B-DE8C-46CD-BC4E-E4FFBC114AEE}.Debug|Any CPU.Build.0 = Debug|Any CPU
		{AA4B4B4B-DE8C-46CD-BC4E-E4FFBC114AEE}.Debug|Any CPU.Deploy.0 = Debug|Any CPU
		{AA4B4B4B-DE8C-46CD-BC4E-E4FFBC114AEE}.Debug|ARM.ActiveCfg = Debug|Any CPU
		{AA4B4B4B-DE8C-46CD-BC4E-E4FFBC114AEE}.Debug|ARM.Build.0 = Debug|Any CPU
		{AA4B4B4B-DE8C-46CD-BC4E-E4FFBC114AEE}.Debug|ARM.Deploy.0 = Debug|Any CPU
		{AA4B4B4B-DE8C-46CD-BC4E-E4FFBC114AEE}.Debug|iPhone.ActiveCfg = Debug|Any CPU
		{AA4B4B4B-DE8C-46CD-BC4E-E4FFBC114AEE}.Debug|iPhone.Build.0 = Debug|Any CPU
		{AA4B4B4B-DE8C-46CD-BC4E-E4FFBC114AEE}.Debug|iPhone.Deploy.0 = Debug|Any CPU
		{AA4B4B4B-DE8C-46CD-BC4E-E4FFBC114AEE}.Debug|iPhoneSimulator.ActiveCfg = Debug|Any CPU
		{AA4B4B4B-DE8C-46CD-BC4E-E4FFBC114AEE}.Debug|iPhoneSimulator.Build.0 = Debug|Any CPU
		{AA4B4B4B-DE8C-46CD-BC4E-E4FFBC114AEE}.Debug|iPhoneSimulator.Deploy.0 = Debug|Any CPU
		{AA4B4B4B-DE8C-46CD-BC4E-E4FFBC114AEE}.Debug|x64.ActiveCfg = Debug|Any CPU
		{AA4B4B4B-DE8C-46CD-BC4E-E4FFBC114AEE}.Debug|x64.Build.0 = Debug|Any CPU
		{AA4B4B4B-DE8C-46CD-BC4E-E4FFBC114AEE}.Debug|x64.Deploy.0 = Debug|Any CPU
		{AA4B4B4B-DE8C-46CD-BC4E-E4FFBC114AEE}.Debug|x86.ActiveCfg = Debug|Any CPU
		{AA4B4B4B-DE8C-46CD-BC4E-E4FFBC114AEE}.Debug|x86.Build.0 = Debug|Any CPU
		{AA4B4B4B-DE8C-46CD-BC4E-E4FFBC114AEE}.Debug|x86.Deploy.0 = Debug|Any CPU
		{AA4B4B4B-DE8C-46CD-BC4E-E4FFBC114AEE}.Release|Any CPU.ActiveCfg = Release|Any CPU
		{AA4B4B4B-DE8C-46CD-BC4E-E4FFBC114AEE}.Release|Any CPU.Build.0 = Release|Any CPU
		{AA4B4B4B-DE8C-46CD-BC4E-E4FFBC114AEE}.Release|Any CPU.Deploy.0 = Release|Any CPU
		{AA4B4B4B-DE8C-46CD-BC4E-E4FFBC114AEE}.Release|ARM.ActiveCfg = Release|Any CPU
		{AA4B4B4B-DE8C-46CD-BC4E-E4FFBC114AEE}.Release|ARM.Build.0 = Release|Any CPU
		{AA4B4B4B-DE8C-46CD-BC4E-E4FFBC114AEE}.Release|ARM.Deploy.0 = Release|Any CPU
		{AA4B4B4B-DE8C-46CD-BC4E-E4FFBC114AEE}.Release|iPhone.ActiveCfg = Release|Any CPU
		{AA4B4B4B-DE8C-46CD-BC4E-E4FFBC114AEE}.Release|iPhone.Build.0 = Release|Any CPU
		{AA4B4B4B-DE8C-46CD-BC4E-E4FFBC114AEE}.Release|iPhone.Deploy.0 = Release|Any CPU
		{AA4B4B4B-DE8C-46CD-BC4E-E4FFBC114AEE}.Release|iPhoneSimulator.ActiveCfg = Release|Any CPU
		{AA4B4B4B-DE8C-46CD-BC4E-E4FFBC114AEE}.Release|iPhoneSimulator.Build.0 = Release|Any CPU
		{AA4B4B4B-DE8C-46CD-BC4E-E4FFBC114AEE}.Release|iPhoneSimulator.Deploy.0 = Release|Any CPU
		{AA4B4B4B-DE8C-46CD-BC4E-E4FFBC114AEE}.Release|x64.ActiveCfg = Release|Any CPU
		{AA4B4B4B-DE8C-46CD-BC4E-E4FFBC114AEE}.Release|x64.Build.0 = Release|Any CPU
		{AA4B4B4B-DE8C-46CD-BC4E-E4FFBC114AEE}.Release|x64.Deploy.0 = Release|Any CPU
		{AA4B4B4B-DE8C-46CD-BC4E-E4FFBC114AEE}.Release|x86.ActiveCfg = Release|Any CPU
		{AA4B4B4B-DE8C-46CD-BC4E-E4FFBC114AEE}.Release|x86.Build.0 = Release|Any CPU
		{AA4B4B4B-DE8C-46CD-BC4E-E4FFBC114AEE}.Release|x86.Deploy.0 = Release|Any CPU
		{2075EDFC-E35D-4F25-9F30-9DFDB63D2F5C}.Debug|Any CPU.ActiveCfg = Debug|iPhoneSimulator
		{2075EDFC-E35D-4F25-9F30-9DFDB63D2F5C}.Debug|Any CPU.Build.0 = Debug|iPhoneSimulator
		{2075EDFC-E35D-4F25-9F30-9DFDB63D2F5C}.Debug|Any CPU.Deploy.0 = Debug|iPhoneSimulator
		{2075EDFC-E35D-4F25-9F30-9DFDB63D2F5C}.Debug|ARM.ActiveCfg = Debug|iPhone
		{2075EDFC-E35D-4F25-9F30-9DFDB63D2F5C}.Debug|ARM.Build.0 = Debug|iPhone
		{2075EDFC-E35D-4F25-9F30-9DFDB63D2F5C}.Debug|ARM.Deploy.0 = Debug|iPhone
		{2075EDFC-E35D-4F25-9F30-9DFDB63D2F5C}.Debug|iPhone.ActiveCfg = Debug|iPhone
		{2075EDFC-E35D-4F25-9F30-9DFDB63D2F5C}.Debug|iPhone.Build.0 = Debug|iPhone
		{2075EDFC-E35D-4F25-9F30-9DFDB63D2F5C}.Debug|iPhone.Deploy.0 = Debug|iPhone
		{2075EDFC-E35D-4F25-9F30-9DFDB63D2F5C}.Debug|iPhoneSimulator.ActiveCfg = Debug|iPhoneSimulator
		{2075EDFC-E35D-4F25-9F30-9DFDB63D2F5C}.Debug|iPhoneSimulator.Build.0 = Debug|iPhoneSimulator
		{2075EDFC-E35D-4F25-9F30-9DFDB63D2F5C}.Debug|iPhoneSimulator.Deploy.0 = Debug|iPhoneSimulator
		{2075EDFC-E35D-4F25-9F30-9DFDB63D2F5C}.Debug|x64.ActiveCfg = Debug|iPhoneSimulator
		{2075EDFC-E35D-4F25-9F30-9DFDB63D2F5C}.Debug|x64.Build.0 = Debug|iPhoneSimulator
		{2075EDFC-E35D-4F25-9F30-9DFDB63D2F5C}.Debug|x64.Deploy.0 = Debug|iPhoneSimulator
		{2075EDFC-E35D-4F25-9F30-9DFDB63D2F5C}.Debug|x86.ActiveCfg = Debug|iPhoneSimulator
		{2075EDFC-E35D-4F25-9F30-9DFDB63D2F5C}.Debug|x86.Build.0 = Debug|iPhoneSimulator
		{2075EDFC-E35D-4F25-9F30-9DFDB63D2F5C}.Debug|x86.Deploy.0 = Debug|iPhoneSimulator
		{2075EDFC-E35D-4F25-9F30-9DFDB63D2F5C}.Release|Any CPU.ActiveCfg = Release|iPhoneSimulator
		{2075EDFC-E35D-4F25-9F30-9DFDB63D2F5C}.Release|Any CPU.Build.0 = Release|iPhoneSimulator
		{2075EDFC-E35D-4F25-9F30-9DFDB63D2F5C}.Release|Any CPU.Deploy.0 = Release|iPhoneSimulator
		{2075EDFC-E35D-4F25-9F30-9DFDB63D2F5C}.Release|ARM.ActiveCfg = Release|iPhoneSimulator
		{2075EDFC-E35D-4F25-9F30-9DFDB63D2F5C}.Release|ARM.Build.0 = Release|iPhoneSimulator
		{2075EDFC-E35D-4F25-9F30-9DFDB63D2F5C}.Release|ARM.Deploy.0 = Release|iPhoneSimulator
		{2075EDFC-E35D-4F25-9F30-9DFDB63D2F5C}.Release|iPhone.ActiveCfg = Release|iPhone
		{2075EDFC-E35D-4F25-9F30-9DFDB63D2F5C}.Release|iPhone.Build.0 = Release|iPhone
		{2075EDFC-E35D-4F25-9F30-9DFDB63D2F5C}.Release|iPhone.Deploy.0 = Release|iPhone
		{2075EDFC-E35D-4F25-9F30-9DFDB63D2F5C}.Release|iPhoneSimulator.ActiveCfg = Release|iPhoneSimulator
		{2075EDFC-E35D-4F25-9F30-9DFDB63D2F5C}.Release|iPhoneSimulator.Build.0 = Release|iPhoneSimulator
		{2075EDFC-E35D-4F25-9F30-9DFDB63D2F5C}.Release|iPhoneSimulator.Deploy.0 = Release|iPhoneSimulator
		{2075EDFC-E35D-4F25-9F30-9DFDB63D2F5C}.Release|x64.ActiveCfg = Release|iPhoneSimulator
		{2075EDFC-E35D-4F25-9F30-9DFDB63D2F5C}.Release|x64.Build.0 = Release|iPhoneSimulator
		{2075EDFC-E35D-4F25-9F30-9DFDB63D2F5C}.Release|x64.Deploy.0 = Release|iPhoneSimulator
		{2075EDFC-E35D-4F25-9F30-9DFDB63D2F5C}.Release|x86.ActiveCfg = Release|iPhoneSimulator
		{2075EDFC-E35D-4F25-9F30-9DFDB63D2F5C}.Release|x86.Build.0 = Release|iPhoneSimulator
		{2075EDFC-E35D-4F25-9F30-9DFDB63D2F5C}.Release|x86.Deploy.0 = Release|iPhoneSimulator
		{D9076E8B-8E10-423A-BB25-46DA84B0C130}.Debug|Any CPU.ActiveCfg = Debug|Any CPU
		{D9076E8B-8E10-423A-BB25-46DA84B0C130}.Debug|Any CPU.Build.0 = Debug|Any CPU
		{D9076E8B-8E10-423A-BB25-46DA84B0C130}.Debug|Any CPU.Deploy.0 = Debug|Any CPU
		{D9076E8B-8E10-423A-BB25-46DA84B0C130}.Debug|ARM.ActiveCfg = Debug|Any CPU
		{D9076E8B-8E10-423A-BB25-46DA84B0C130}.Debug|ARM.Build.0 = Debug|Any CPU
		{D9076E8B-8E10-423A-BB25-46DA84B0C130}.Debug|ARM.Deploy.0 = Debug|Any CPU
		{D9076E8B-8E10-423A-BB25-46DA84B0C130}.Debug|iPhone.ActiveCfg = Debug|Any CPU
		{D9076E8B-8E10-423A-BB25-46DA84B0C130}.Debug|iPhone.Build.0 = Debug|Any CPU
		{D9076E8B-8E10-423A-BB25-46DA84B0C130}.Debug|iPhone.Deploy.0 = Debug|Any CPU
		{D9076E8B-8E10-423A-BB25-46DA84B0C130}.Debug|iPhoneSimulator.ActiveCfg = Debug|Any CPU
		{D9076E8B-8E10-423A-BB25-46DA84B0C130}.Debug|iPhoneSimulator.Build.0 = Debug|Any CPU
		{D9076E8B-8E10-423A-BB25-46DA84B0C130}.Debug|iPhoneSimulator.Deploy.0 = Debug|Any CPU
		{D9076E8B-8E10-423A-BB25-46DA84B0C130}.Debug|x64.ActiveCfg = Debug|Any CPU
		{D9076E8B-8E10-423A-BB25-46DA84B0C130}.Debug|x64.Build.0 = Debug|Any CPU
		{D9076E8B-8E10-423A-BB25-46DA84B0C130}.Debug|x64.Deploy.0 = Debug|Any CPU
		{D9076E8B-8E10-423A-BB25-46DA84B0C130}.Debug|x86.ActiveCfg = Debug|Any CPU
		{D9076E8B-8E10-423A-BB25-46DA84B0C130}.Debug|x86.Build.0 = Debug|Any CPU
		{D9076E8B-8E10-423A-BB25-46DA84B0C130}.Debug|x86.Deploy.0 = Debug|Any CPU
		{D9076E8B-8E10-423A-BB25-46DA84B0C130}.Release|Any CPU.ActiveCfg = Release|Any CPU
		{D9076E8B-8E10-423A-BB25-46DA84B0C130}.Release|Any CPU.Build.0 = Release|Any CPU
		{D9076E8B-8E10-423A-BB25-46DA84B0C130}.Release|Any CPU.Deploy.0 = Release|Any CPU
		{D9076E8B-8E10-423A-BB25-46DA84B0C130}.Release|ARM.ActiveCfg = Release|Any CPU
		{D9076E8B-8E10-423A-BB25-46DA84B0C130}.Release|ARM.Build.0 = Release|Any CPU
		{D9076E8B-8E10-423A-BB25-46DA84B0C130}.Release|ARM.Deploy.0 = Release|Any CPU
		{D9076E8B-8E10-423A-BB25-46DA84B0C130}.Release|iPhone.ActiveCfg = Release|Any CPU
		{D9076E8B-8E10-423A-BB25-46DA84B0C130}.Release|iPhone.Build.0 = Release|Any CPU
		{D9076E8B-8E10-423A-BB25-46DA84B0C130}.Release|iPhone.Deploy.0 = Release|Any CPU
		{D9076E8B-8E10-423A-BB25-46DA84B0C130}.Release|iPhoneSimulator.ActiveCfg = Release|Any CPU
		{D9076E8B-8E10-423A-BB25-46DA84B0C130}.Release|iPhoneSimulator.Build.0 = Release|Any CPU
		{D9076E8B-8E10-423A-BB25-46DA84B0C130}.Release|iPhoneSimulator.Deploy.0 = Release|Any CPU
		{D9076E8B-8E10-423A-BB25-46DA84B0C130}.Release|x64.ActiveCfg = Release|Any CPU
		{D9076E8B-8E10-423A-BB25-46DA84B0C130}.Release|x64.Build.0 = Release|Any CPU
		{D9076E8B-8E10-423A-BB25-46DA84B0C130}.Release|x64.Deploy.0 = Release|Any CPU
		{D9076E8B-8E10-423A-BB25-46DA84B0C130}.Release|x86.ActiveCfg = Release|Any CPU
		{D9076E8B-8E10-423A-BB25-46DA84B0C130}.Release|x86.Build.0 = Release|Any CPU
		{D9076E8B-8E10-423A-BB25-46DA84B0C130}.Release|x86.Deploy.0 = Release|Any CPU
	EndGlobalSection
	GlobalSection(SolutionProperties) = preSolution
		HideSolutionNode = FALSE
	EndGlobalSection
	GlobalSection(ExtensibilityGlobals) = postSolution
		SolutionGuid = {A645536A-95E8-47CD-A5D7-BF865520FD21}
	EndGlobalSection
EndGlobal
